
Microsoft Visual Studio Solution File, Format Version 12.00
# Visual Studio Version 16
VisualStudioVersion = 16.0.30621.155
MinimumVisualStudioVersion = 10.0.40219.1
Project("{F184B08F-C81C-45F6-A57F-5ABD9991F28F}") = "ISI_KM_PO_3_06", "ISI_KM_PO_3_06.vbproj", "{618AE7AF-9451-4B66-AD2F-86595EEBF5F2}"
EndProject
Global
	GlobalSection(SolutionConfigurationPlatforms) = preSolution
		Debug|Any CPU = Debug|Any CPU
		Release|Any CPU = Release|Any CPU
	EndGlobalSection
	GlobalSection(ProjectConfigurationPlatforms) = postSolution
		{618AE7AF-9451-4B66-AD2F-86595EEBF5F2}.Debug|Any CPU.ActiveCfg = Debug|Any CPU
		{618AE7AF-9451-4B66-AD2F-86595EEBF5F2}.Debug|Any CPU.Build.0 = Debug|Any CPU
		{618AE7AF-9451-4B66-AD2F-86595EEBF5F2}.Release|Any CPU.ActiveCfg = Release|Any CPU
		{618AE7AF-9451-4B66-AD2F-86595EEBF5F2}.Release|Any CPU.Build.0 = Release|Any CPU
	EndGlobalSection
	GlobalSection(SolutionProperties) = preSolution
		HideSolutionNode = FALSE
	EndGlobalSection
	GlobalSection(ExtensibilityGlobals) = postSolution
		SolutionGuid = {D6E79CEF-FD06-4ED4-86F6-797F9B7CD0F1}
	EndGlobalSection
EndGlobal
