
Microsoft Visual Studio Solution File, Format Version 12.00
# Visual Studio Version 16
VisualStudioVersion = 16.0.30621.155
MinimumVisualStudioVersion = 10.0.40219.1
Project("{F184B08F-C81C-45F6-A57F-5ABD9991F28F}") = "ISI_KM_PO_4_09", "ISI_KM_PO_4_09.vbproj", "{B5A9E38C-836A-4AB0-8B07-812E8CC0679F}"
EndProject
Global
	GlobalSection(SolutionConfigurationPlatforms) = preSolution
		Debug|Any CPU = Debug|Any CPU
		Release|Any CPU = Release|Any CPU
	EndGlobalSection
	GlobalSection(ProjectConfigurationPlatforms) = postSolution
		{B5A9E38C-836A-4AB0-8B07-812E8CC0679F}.Debug|Any CPU.ActiveCfg = Debug|Any CPU
		{B5A9E38C-836A-4AB0-8B07-812E8CC0679F}.Debug|Any CPU.Build.0 = Debug|Any CPU
		{B5A9E38C-836A-4AB0-8B07-812E8CC0679F}.Release|Any CPU.ActiveCfg = Release|Any CPU
		{B5A9E38C-836A-4AB0-8B07-812E8CC0679F}.Release|Any CPU.Build.0 = Release|Any CPU
	EndGlobalSection
	GlobalSection(SolutionProperties) = preSolution
		HideSolutionNode = FALSE
	EndGlobalSection
	GlobalSection(ExtensibilityGlobals) = postSolution
		SolutionGuid = {5ED4B376-371B-4687-87F9-BBF630F069E8}
	EndGlobalSection
EndGlobal
