
Microsoft Visual Studio Solution File, Format Version 12.00
# Visual Studio Version 16
VisualStudioVersion = 16.0.30621.155
MinimumVisualStudioVersion = 10.0.40219.1
Project("{F184B08F-C81C-45F6-A57F-5ABD9991F28F}") = "ZaliczeniePO", "ZaliczeniePO.vbproj", "{73F353C8-9092-40A5-A828-D1366E262052}"
EndProject
Global
	GlobalSection(SolutionConfigurationPlatforms) = preSolution
		Debug|Any CPU = Debug|Any CPU
		Release|Any CPU = Release|Any CPU
	EndGlobalSection
	GlobalSection(ProjectConfigurationPlatforms) = postSolution
		{73F353C8-9092-40A5-A828-D1366E262052}.Debug|Any CPU.ActiveCfg = Debug|Any CPU
		{73F353C8-9092-40A5-A828-D1366E262052}.Debug|Any CPU.Build.0 = Debug|Any CPU
		{73F353C8-9092-40A5-A828-D1366E262052}.Release|Any CPU.ActiveCfg = Release|Any CPU
		{73F353C8-9092-40A5-A828-D1366E262052}.Release|Any CPU.Build.0 = Release|Any CPU
	EndGlobalSection
	GlobalSection(SolutionProperties) = preSolution
		HideSolutionNode = FALSE
	EndGlobalSection
	GlobalSection(ExtensibilityGlobals) = postSolution
		SolutionGuid = {D1D6A6B4-4F19-4438-BF94-DBDCF995296C}
	EndGlobalSection
EndGlobal
